// !$*UTF8*$!
{
	archiveVersion = 1;
	classes = {
	};
	objectVersion = 55;
	objects = {

/* Begin PBXBuildFile section */
		6C9FDE7B42675F15D3322130 /* Pods_FindAMovieTests.framework in Frameworks */ = {isa = PBXBuildFile; fileRef = 276EC3694667A55EB31A35D2 /* Pods_FindAMovieTests.framework */; };
		D5D5A6296FA01E05093CFED5 /* Pods_FindAMovie.framework in Frameworks */ = {isa = PBXBuildFile; fileRef = ABBAF258AC4973BB2F6BE6EF /* Pods_FindAMovie.framework */; };
		DA21BE4B291D75D1009CF3B4 /* AppDelegate.swift in Sources */ = {isa = PBXBuildFile; fileRef = DA21BE48291D75D1009CF3B4 /* AppDelegate.swift */; };
		DA21BE4D291D75D2009CF3B4 /* SceneDelegate.swift in Sources */ = {isa = PBXBuildFile; fileRef = DA21BE4A291D75D1009CF3B4 /* SceneDelegate.swift */; };
		DA846E9F291D6CCD0083D991 /* ImageFetcher.swift in Sources */ = {isa = PBXBuildFile; fileRef = DA846E9E291D6CCD0083D991 /* ImageFetcher.swift */; };
		DABADC35291D2D7E00E1C4A7 /* RESTClient.swift in Sources */ = {isa = PBXBuildFile; fileRef = DABADC34291D2D7E00E1C4A7 /* RESTClient.swift */; };
		DABADC39291D30AD00E1C4A7 /* MoviePaginationResponse.swift in Sources */ = {isa = PBXBuildFile; fileRef = DABADC38291D30AD00E1C4A7 /* MoviePaginationResponse.swift */; };
		DABADC3E291D393300E1C4A7 /* MovieDetailResponse.swift in Sources */ = {isa = PBXBuildFile; fileRef = DABADC3D291D393300E1C4A7 /* MovieDetailResponse.swift */; };
		DABADC43291D475300E1C4A7 /* MainViewController.swift in Sources */ = {isa = PBXBuildFile; fileRef = DABADC42291D475300E1C4A7 /* MainViewController.swift */; };
		DABADC48291D63B300E1C4A7 /* MainHeaderCollectionViewCell.swift in Sources */ = {isa = PBXBuildFile; fileRef = DABADC46291D63B300E1C4A7 /* MainHeaderCollectionViewCell.swift */; };
		DABADC4B291D659000E1C4A7 /* Colors.xcassets in Resources */ = {isa = PBXBuildFile; fileRef = DABADC4A291D659000E1C4A7 /* Colors.xcassets */; };
		DAC23AF3291E6EC400E49284 /* ContentSizedTableView.swift in Sources */ = {isa = PBXBuildFile; fileRef = DAC23AF2291E6EC400E49284 /* ContentSizedTableView.swift */; };
		DAE1EA5F291D2ADD009FFB92 /* Main.storyboard in Resources */ = {isa = PBXBuildFile; fileRef = DAE1EA5D291D2ADD009FFB92 /* Main.storyboard */; };
		DAE1EA61291D2ADD009FFB92 /* Images.xcassets in Resources */ = {isa = PBXBuildFile; fileRef = DAE1EA60291D2ADD009FFB92 /* Images.xcassets */; };
		DAE1EA64291D2ADD009FFB92 /* LaunchScreen.storyboard in Resources */ = {isa = PBXBuildFile; fileRef = DAE1EA62291D2ADD009FFB92 /* LaunchScreen.storyboard */; };
		DAE1EA6F291D2ADD009FFB92 /* FindAMovieTests.swift in Sources */ = {isa = PBXBuildFile; fileRef = DAE1EA6E291D2ADD009FFB92 /* FindAMovieTests.swift */; };
/* End PBXBuildFile section */

/* Begin PBXContainerItemProxy section */
		DAE1EA6B291D2ADD009FFB92 /* PBXContainerItemProxy */ = {
			isa = PBXContainerItemProxy;
			containerPortal = DAE1EA4C291D2ADD009FFB92 /* Project object */;
			proxyType = 1;
			remoteGlobalIDString = DAE1EA53291D2ADD009FFB92;
			remoteInfo = FindAMovie;
		};
/* End PBXContainerItemProxy section */

/* Begin PBXFileReference section */
		2611FA0E32044D44DC7E12A5 /* Pods-FindAMovieTests.release.xcconfig */ = {isa = PBXFileReference; includeInIndex = 1; lastKnownFileType = text.xcconfig; name = "Pods-FindAMovieTests.release.xcconfig"; path = "Target Support Files/Pods-FindAMovieTests/Pods-FindAMovieTests.release.xcconfig"; sourceTree = "<group>"; };
		276EC3694667A55EB31A35D2 /* Pods_FindAMovieTests.framework */ = {isa = PBXFileReference; explicitFileType = wrapper.framework; includeInIndex = 0; path = Pods_FindAMovieTests.framework; sourceTree = BUILT_PRODUCTS_DIR; };
		42C74CB05C5E19C3975134C6 /* Pods-FindAMovieTests.debug.xcconfig */ = {isa = PBXFileReference; includeInIndex = 1; lastKnownFileType = text.xcconfig; name = "Pods-FindAMovieTests.debug.xcconfig"; path = "Target Support Files/Pods-FindAMovieTests/Pods-FindAMovieTests.debug.xcconfig"; sourceTree = "<group>"; };
		ABBAF258AC4973BB2F6BE6EF /* Pods_FindAMovie.framework */ = {isa = PBXFileReference; explicitFileType = wrapper.framework; includeInIndex = 0; path = Pods_FindAMovie.framework; sourceTree = BUILT_PRODUCTS_DIR; };
		D50C2DA9FAB9FF3750B8A22A /* Pods-FindAMovie.debug.xcconfig */ = {isa = PBXFileReference; includeInIndex = 1; lastKnownFileType = text.xcconfig; name = "Pods-FindAMovie.debug.xcconfig"; path = "Target Support Files/Pods-FindAMovie/Pods-FindAMovie.debug.xcconfig"; sourceTree = "<group>"; };
		DA21BE48291D75D1009CF3B4 /* AppDelegate.swift */ = {isa = PBXFileReference; fileEncoding = 4; lastKnownFileType = sourcecode.swift; name = AppDelegate.swift; path = "FindAMovie/Supporting Files/AppDelegate.swift"; sourceTree = SOURCE_ROOT; };
		DA21BE49291D75D1009CF3B4 /* Info.plist */ = {isa = PBXFileReference; lastKnownFileType = text.plist; name = Info.plist; path = "FindAMovie/Supporting Files/Info.plist"; sourceTree = SOURCE_ROOT; };
		DA21BE4A291D75D1009CF3B4 /* SceneDelegate.swift */ = {isa = PBXFileReference; fileEncoding = 4; lastKnownFileType = sourcecode.swift; name = SceneDelegate.swift; path = "FindAMovie/Supporting Files/SceneDelegate.swift"; sourceTree = SOURCE_ROOT; };
		DA7F01A66AB98E1646407D0B /* Pods-FindAMovie.release.xcconfig */ = {isa = PBXFileReference; includeInIndex = 1; lastKnownFileType = text.xcconfig; name = "Pods-FindAMovie.release.xcconfig"; path = "Target Support Files/Pods-FindAMovie/Pods-FindAMovie.release.xcconfig"; sourceTree = "<group>"; };
		DA846E9E291D6CCD0083D991 /* ImageFetcher.swift */ = {isa = PBXFileReference; lastKnownFileType = sourcecode.swift; path = ImageFetcher.swift; sourceTree = "<group>"; };
		DABADC34291D2D7E00E1C4A7 /* RESTClient.swift */ = {isa = PBXFileReference; lastKnownFileType = sourcecode.swift; path = RESTClient.swift; sourceTree = "<group>"; };
		DABADC38291D30AD00E1C4A7 /* MoviePaginationResponse.swift */ = {isa = PBXFileReference; lastKnownFileType = sourcecode.swift; path = MoviePaginationResponse.swift; sourceTree = "<group>"; };
		DABADC3D291D393300E1C4A7 /* MovieDetailResponse.swift */ = {isa = PBXFileReference; lastKnownFileType = sourcecode.swift; path = MovieDetailResponse.swift; sourceTree = "<group>"; };
		DABADC42291D475300E1C4A7 /* MainViewController.swift */ = {isa = PBXFileReference; lastKnownFileType = sourcecode.swift; path = MainViewController.swift; sourceTree = "<group>"; };
		DABADC46291D63B300E1C4A7 /* MainHeaderCollectionViewCell.swift */ = {isa = PBXFileReference; lastKnownFileType = sourcecode.swift; path = MainHeaderCollectionViewCell.swift; sourceTree = "<group>"; };
		DABADC4A291D659000E1C4A7 /* Colors.xcassets */ = {isa = PBXFileReference; lastKnownFileType = folder.assetcatalog; path = Colors.xcassets; sourceTree = "<group>"; };
		DAC23AF2291E6EC400E49284 /* ContentSizedTableView.swift */ = {isa = PBXFileReference; lastKnownFileType = sourcecode.swift; path = ContentSizedTableView.swift; sourceTree = "<group>"; };
		DAE1EA54291D2ADD009FFB92 /* FindAMovie.app */ = {isa = PBXFileReference; explicitFileType = wrapper.application; includeInIndex = 0; path = FindAMovie.app; sourceTree = BUILT_PRODUCTS_DIR; };
		DAE1EA5E291D2ADD009FFB92 /* Base */ = {isa = PBXFileReference; lastKnownFileType = file.storyboard; name = Base; path = Base.lproj/Main.storyboard; sourceTree = "<group>"; };
		DAE1EA60291D2ADD009FFB92 /* Images.xcassets */ = {isa = PBXFileReference; lastKnownFileType = folder.assetcatalog; path = Images.xcassets; sourceTree = "<group>"; };
		DAE1EA63291D2ADD009FFB92 /* Base */ = {isa = PBXFileReference; lastKnownFileType = file.storyboard; name = Base; path = Base.lproj/LaunchScreen.storyboard; sourceTree = "<group>"; };
		DAE1EA6A291D2ADD009FFB92 /* FindAMovieTests.xctest */ = {isa = PBXFileReference; explicitFileType = wrapper.cfbundle; includeInIndex = 0; path = FindAMovieTests.xctest; sourceTree = BUILT_PRODUCTS_DIR; };
		DAE1EA6E291D2ADD009FFB92 /* FindAMovieTests.swift */ = {isa = PBXFileReference; lastKnownFileType = sourcecode.swift; path = FindAMovieTests.swift; sourceTree = "<group>"; };
/* End PBXFileReference section */

/* Begin PBXFrameworksBuildPhase section */
		DAE1EA51291D2ADD009FFB92 /* Frameworks */ = {
			isa = PBXFrameworksBuildPhase;
			buildActionMask = 2147483647;
			files = (
				D5D5A6296FA01E05093CFED5 /* Pods_FindAMovie.framework in Frameworks */,
			);
			runOnlyForDeploymentPostprocessing = 0;
		};
		DAE1EA67291D2ADD009FFB92 /* Frameworks */ = {
			isa = PBXFrameworksBuildPhase;
			buildActionMask = 2147483647;
			files = (
				6C9FDE7B42675F15D3322130 /* Pods_FindAMovieTests.framework in Frameworks */,
			);
			runOnlyForDeploymentPostprocessing = 0;
		};
/* End PBXFrameworksBuildPhase section */

/* Begin PBXGroup section */
		5E1D96AF15BD0048F020DC92 /* Pods */ = {
			isa = PBXGroup;
			children = (
				D50C2DA9FAB9FF3750B8A22A /* Pods-FindAMovie.debug.xcconfig */,
				DA7F01A66AB98E1646407D0B /* Pods-FindAMovie.release.xcconfig */,
				42C74CB05C5E19C3975134C6 /* Pods-FindAMovieTests.debug.xcconfig */,
				2611FA0E32044D44DC7E12A5 /* Pods-FindAMovieTests.release.xcconfig */,
			);
			path = Pods;
			sourceTree = "<group>";
		};
		DA846E9D291D6CB90083D991 /* Image Fetcher */ = {
			isa = PBXGroup;
			children = (
				DA846E9E291D6CCD0083D991 /* ImageFetcher.swift */,
			);
			path = "Image Fetcher";
			sourceTree = "<group>";
		};
		DABADC31291D2C6300E1C4A7 /* Supporting Files */ = {
			isa = PBXGroup;
			children = (
				DA21BE48291D75D1009CF3B4 /* AppDelegate.swift */,
				DA21BE4A291D75D1009CF3B4 /* SceneDelegate.swift */,
				DA21BE49291D75D1009CF3B4 /* Info.plist */,
			);
			path = "Supporting Files";
			sourceTree = "<group>";
		};
		DABADC32291D2CA000E1C4A7 /* Storyboards */ = {
			isa = PBXGroup;
			children = (
				DAE1EA5D291D2ADD009FFB92 /* Main.storyboard */,
				DAE1EA62291D2ADD009FFB92 /* LaunchScreen.storyboard */,
			);
			path = Storyboards;
			sourceTree = "<group>";
		};
		DABADC33291D2D4A00E1C4A7 /* Services */ = {
			isa = PBXGroup;
			children = (
				DA846E9D291D6CB90083D991 /* Image Fetcher */,
				DABADC3F291D40B500E1C4A7 /* REST Client */,
			);
			path = Services;
			sourceTree = "<group>";
		};
		DABADC36291D2D8E00E1C4A7 /* Screens */ = {
			isa = PBXGroup;
			children = (
				DABADC45291D638800E1C4A7 /* Main */,
			);
			path = Screens;
			sourceTree = "<group>";
		};
		DABADC37291D307A00E1C4A7 /* Models */ = {
			isa = PBXGroup;
			children = (
				DABADC38291D30AD00E1C4A7 /* MoviePaginationResponse.swift */,
				DABADC3D291D393300E1C4A7 /* MovieDetailResponse.swift */,
			);
			path = Models;
			sourceTree = "<group>";
		};
		DABADC3A291D30D500E1C4A7 /* Resources */ = {
			isa = PBXGroup;
			children = (
				DABADC4A291D659000E1C4A7 /* Colors.xcassets */,
				DAE1EA60291D2ADD009FFB92 /* Images.xcassets */,
			);
			path = Resources;
			sourceTree = "<group>";
		};
		DABADC3F291D40B500E1C4A7 /* REST Client */ = {
			isa = PBXGroup;
			children = (
				DABADC37291D307A00E1C4A7 /* Models */,
				DABADC34291D2D7E00E1C4A7 /* RESTClient.swift */,
			);
			path = "REST Client";
			sourceTree = "<group>";
		};
		DABADC44291D637E00E1C4A7 /* Header Cell */ = {
			isa = PBXGroup;
			children = (
				DABADC46291D63B300E1C4A7 /* MainHeaderCollectionViewCell.swift */,
			);
			path = "Header Cell";
			sourceTree = "<group>";
		};
		DABADC45291D638800E1C4A7 /* Main */ = {
			isa = PBXGroup;
			children = (
				DABADC44291D637E00E1C4A7 /* Header Cell */,
				DABADC42291D475300E1C4A7 /* MainViewController.swift */,
			);
			path = Main;
			sourceTree = "<group>";
		};
		DAC23AF1291E6EB600E49284 /* Custom Views */ = {
			isa = PBXGroup;
			children = (
				DAC23AF2291E6EC400E49284 /* ContentSizedTableView.swift */,
			);
			path = "Custom Views";
			sourceTree = "<group>";
		};
		DAE1EA4B291D2ADD009FFB92 = {
			isa = PBXGroup;
			children = (
				DAE1EA56291D2ADD009FFB92 /* FindAMovie */,
				DAE1EA6D291D2ADD009FFB92 /* FindAMovieTests */,
				DAE1EA55291D2ADD009FFB92 /* Products */,
				5E1D96AF15BD0048F020DC92 /* Pods */,
				F8CDB68602F01246A778CADD /* Frameworks */,
			);
			sourceTree = "<group>";
		};
		DAE1EA55291D2ADD009FFB92 /* Products */ = {
			isa = PBXGroup;
			children = (
				DAE1EA54291D2ADD009FFB92 /* FindAMovie.app */,
				DAE1EA6A291D2ADD009FFB92 /* FindAMovieTests.xctest */,
			);
			name = Products;
			sourceTree = "<group>";
		};
		DAE1EA56291D2ADD009FFB92 /* FindAMovie */ = {
			isa = PBXGroup;
			children = (
				DABADC3A291D30D500E1C4A7 /* Resources */,
				DABADC31291D2C6300E1C4A7 /* Supporting Files */,
				DABADC33291D2D4A00E1C4A7 /* Services */,
				DABADC32291D2CA000E1C4A7 /* Storyboards */,
				DAC23AF1291E6EB600E49284 /* Custom Views */,
				DABADC36291D2D8E00E1C4A7 /* Screens */,
			);
			path = FindAMovie;
			sourceTree = "<group>";
		};
		DAE1EA6D291D2ADD009FFB92 /* FindAMovieTests */ = {
			isa = PBXGroup;
			children = (
				DAE1EA6E291D2ADD009FFB92 /* FindAMovieTests.swift */,
			);
			path = FindAMovieTests;
			sourceTree = "<group>";
		};
		F8CDB68602F01246A778CADD /* Frameworks */ = {
			isa = PBXGroup;
			children = (
				ABBAF258AC4973BB2F6BE6EF /* Pods_FindAMovie.framework */,
				276EC3694667A55EB31A35D2 /* Pods_FindAMovieTests.framework */,
			);
			name = Frameworks;
			sourceTree = "<group>";
		};
/* End PBXGroup section */

/* Begin PBXNativeTarget section */
		DAE1EA53291D2ADD009FFB92 /* FindAMovie */ = {
			isa = PBXNativeTarget;
			buildConfigurationList = DAE1EA7E291D2ADD009FFB92 /* Build configuration list for PBXNativeTarget "FindAMovie" */;
			buildPhases = (
				CC226583F0251D0990C51989 /* [CP] Check Pods Manifest.lock */,
				DAE1EA50291D2ADD009FFB92 /* Sources */,
				DAE1EA51291D2ADD009FFB92 /* Frameworks */,
				DAE1EA52291D2ADD009FFB92 /* Resources */,
				57CEE1BDB9EDCCF7301A7B53 /* [CP] Embed Pods Frameworks */,
			);
			buildRules = (
			);
			dependencies = (
			);
			name = FindAMovie;
			productName = FindAMovie;
			productReference = DAE1EA54291D2ADD009FFB92 /* FindAMovie.app */;
			productType = "com.apple.product-type.application";
		};
		DAE1EA69291D2ADD009FFB92 /* FindAMovieTests */ = {
			isa = PBXNativeTarget;
			buildConfigurationList = DAE1EA81291D2ADD009FFB92 /* Build configuration list for PBXNativeTarget "FindAMovieTests" */;
			buildPhases = (
				2C4594E950944CEA1F340EFF /* [CP] Check Pods Manifest.lock */,
				DAE1EA66291D2ADD009FFB92 /* Sources */,
				DAE1EA67291D2ADD009FFB92 /* Frameworks */,
				DAE1EA68291D2ADD009FFB92 /* Resources */,
			);
			buildRules = (
			);
			dependencies = (
				DAE1EA6C291D2ADD009FFB92 /* PBXTargetDependency */,
			);
			name = FindAMovieTests;
			productName = FindAMovieTests;
			productReference = DAE1EA6A291D2ADD009FFB92 /* FindAMovieTests.xctest */;
			productType = "com.apple.product-type.bundle.unit-test";
		};
/* End PBXNativeTarget section */

/* Begin PBXProject section */
		DAE1EA4C291D2ADD009FFB92 /* Project object */ = {
			isa = PBXProject;
			attributes = {
				BuildIndependentTargetsInParallel = 1;
				LastSwiftUpdateCheck = 1400;
				LastUpgradeCheck = 1400;
				TargetAttributes = {
					DAE1EA53291D2ADD009FFB92 = {
						CreatedOnToolsVersion = 14.0;
					};
					DAE1EA69291D2ADD009FFB92 = {
						CreatedOnToolsVersion = 14.0;
						TestTargetID = DAE1EA53291D2ADD009FFB92;
					};
				};
			};
			buildConfigurationList = DAE1EA4F291D2ADD009FFB92 /* Build configuration list for PBXProject "FindAMovie" */;
			compatibilityVersion = "Xcode 13.0";
			developmentRegion = en;
			hasScannedForEncodings = 0;
			knownRegions = (
				en,
				Base,
			);
			mainGroup = DAE1EA4B291D2ADD009FFB92;
			productRefGroup = DAE1EA55291D2ADD009FFB92 /* Products */;
			projectDirPath = "";
			projectRoot = "";
			targets = (
				DAE1EA53291D2ADD009FFB92 /* FindAMovie */,
				DAE1EA69291D2ADD009FFB92 /* FindAMovieTests */,
			);
		};
/* End PBXProject section */

/* Begin PBXResourcesBuildPhase section */
		DAE1EA52291D2ADD009FFB92 /* Resources */ = {
			isa = PBXResourcesBuildPhase;
			buildActionMask = 2147483647;
			files = (
				DABADC4B291D659000E1C4A7 /* Colors.xcassets in Resources */,
				DAE1EA64291D2ADD009FFB92 /* LaunchScreen.storyboard in Resources */,
				DAE1EA61291D2ADD009FFB92 /* Images.xcassets in Resources */,
				DAE1EA5F291D2ADD009FFB92 /* Main.storyboard in Resources */,
			);
			runOnlyForDeploymentPostprocessing = 0;
		};
		DAE1EA68291D2ADD009FFB92 /* Resources */ = {
			isa = PBXResourcesBuildPhase;
			buildActionMask = 2147483647;
			files = (
			);
			runOnlyForDeploymentPostprocessing = 0;
		};
/* End PBXResourcesBuildPhase section */

/* Begin PBXShellScriptBuildPhase section */
		2C4594E950944CEA1F340EFF /* [CP] Check Pods Manifest.lock */ = {
			isa = PBXShellScriptBuildPhase;
			buildActionMask = 2147483647;
			files = (
			);
			inputFileListPaths = (
			);
			inputPaths = (
				"${PODS_PODFILE_DIR_PATH}/Podfile.lock",
				"${PODS_ROOT}/Manifest.lock",
			);
			name = "[CP] Check Pods Manifest.lock";
			outputFileListPaths = (
			);
			outputPaths = (
				"$(DERIVED_FILE_DIR)/Pods-FindAMovieTests-checkManifestLockResult.txt",
			);
			runOnlyForDeploymentPostprocessing = 0;
			shellPath = /bin/sh;
			shellScript = "diff \"${PODS_PODFILE_DIR_PATH}/Podfile.lock\" \"${PODS_ROOT}/Manifest.lock\" > /dev/null\nif [ $? != 0 ] ; then\n    # print error to STDERR\n    echo \"error: The sandbox is not in sync with the Podfile.lock. Run 'pod install' or update your CocoaPods installation.\" >&2\n    exit 1\nfi\n# This output is used by Xcode 'outputs' to avoid re-running this script phase.\necho \"SUCCESS\" > \"${SCRIPT_OUTPUT_FILE_0}\"\n";
			showEnvVarsInLog = 0;
		};
		57CEE1BDB9EDCCF7301A7B53 /* [CP] Embed Pods Frameworks */ = {
			isa = PBXShellScriptBuildPhase;
			buildActionMask = 2147483647;
			files = (
			);
			inputFileListPaths = (
				"${PODS_ROOT}/Target Support Files/Pods-FindAMovie/Pods-FindAMovie-frameworks-${CONFIGURATION}-input-files.xcfilelist",
			);
			name = "[CP] Embed Pods Frameworks";
			outputFileListPaths = (
				"${PODS_ROOT}/Target Support Files/Pods-FindAMovie/Pods-FindAMovie-frameworks-${CONFIGURATION}-output-files.xcfilelist",
			);
			runOnlyForDeploymentPostprocessing = 0;
			shellPath = /bin/sh;
			shellScript = "\"${PODS_ROOT}/Target Support Files/Pods-FindAMovie/Pods-FindAMovie-frameworks.sh\"\n";
			showEnvVarsInLog = 0;
		};
		CC226583F0251D0990C51989 /* [CP] Check Pods Manifest.lock */ = {
			isa = PBXShellScriptBuildPhase;
			buildActionMask = 2147483647;
			files = (
			);
			inputFileListPaths = (
			);
			inputPaths = (
				"${PODS_PODFILE_DIR_PATH}/Podfile.lock",
				"${PODS_ROOT}/Manifest.lock",
			);
			name = "[CP] Check Pods Manifest.lock";
			outputFileListPaths = (
			);
			outputPaths = (
				"$(DERIVED_FILE_DIR)/Pods-FindAMovie-checkManifestLockResult.txt",
			);
			runOnlyForDeploymentPostprocessing = 0;
			shellPath = /bin/sh;
			shellScript = "diff \"${PODS_PODFILE_DIR_PATH}/Podfile.lock\" \"${PODS_ROOT}/Manifest.lock\" > /dev/null\nif [ $? != 0 ] ; then\n    # print error to STDERR\n    echo \"error: The sandbox is not in sync with the Podfile.lock. Run 'pod install' or update your CocoaPods installation.\" >&2\n    exit 1\nfi\n# This output is used by Xcode 'outputs' to avoid re-running this script phase.\necho \"SUCCESS\" > \"${SCRIPT_OUTPUT_FILE_0}\"\n";
			showEnvVarsInLog = 0;
		};
/* End PBXShellScriptBuildPhase section */

/* Begin PBXSourcesBuildPhase section */
		DAE1EA50291D2ADD009FFB92 /* Sources */ = {
			isa = PBXSourcesBuildPhase;
			buildActionMask = 2147483647;
			files = (
				DABADC3E291D393300E1C4A7 /* MovieDetailResponse.swift in Sources */,
				DA846E9F291D6CCD0083D991 /* ImageFetcher.swift in Sources */,
				DABADC39291D30AD00E1C4A7 /* MoviePaginationResponse.swift in Sources */,
				DABADC48291D63B300E1C4A7 /* MainHeaderCollectionViewCell.swift in Sources */,
				DA21BE4B291D75D1009CF3B4 /* AppDelegate.swift in Sources */,
				DABADC43291D475300E1C4A7 /* MainViewController.swift in Sources */,
				DAC23AF3291E6EC400E49284 /* ContentSizedTableView.swift in Sources */,
				DABADC35291D2D7E00E1C4A7 /* RESTClient.swift in Sources */,
				DA21BE4D291D75D2009CF3B4 /* SceneDelegate.swift in Sources */,
			);
			runOnlyForDeploymentPostprocessing = 0;
		};
		DAE1EA66291D2ADD009FFB92 /* Sources */ = {
			isa = PBXSourcesBuildPhase;
			buildActionMask = 2147483647;
			files = (
				DAE1EA6F291D2ADD009FFB92 /* FindAMovieTests.swift in Sources */,
			);
			runOnlyForDeploymentPostprocessing = 0;
		};
/* End PBXSourcesBuildPhase section */

/* Begin PBXTargetDependency section */
		DAE1EA6C291D2ADD009FFB92 /* PBXTargetDependency */ = {
			isa = PBXTargetDependency;
			target = DAE1EA53291D2ADD009FFB92 /* FindAMovie */;
			targetProxy = DAE1EA6B291D2ADD009FFB92 /* PBXContainerItemProxy */;
		};
/* End PBXTargetDependency section */

/* Begin PBXVariantGroup section */
		DAE1EA5D291D2ADD009FFB92 /* Main.storyboard */ = {
			isa = PBXVariantGroup;
			children = (
				DAE1EA5E291D2ADD009FFB92 /* Base */,
			);
			name = Main.storyboard;
			sourceTree = "<group>";
		};
		DAE1EA62291D2ADD009FFB92 /* LaunchScreen.storyboard */ = {
			isa = PBXVariantGroup;
			children = (
				DAE1EA63291D2ADD009FFB92 /* Base */,
			);
			name = LaunchScreen.storyboard;
			sourceTree = "<group>";
		};
/* End PBXVariantGroup section */

/* Begin XCBuildConfiguration section */
		DAE1EA7C291D2ADD009FFB92 /* Debug */ = {
			isa = XCBuildConfiguration;
			buildSettings = {
				ALWAYS_SEARCH_USER_PATHS = NO;
				CLANG_ANALYZER_NONNULL = YES;
				CLANG_ANALYZER_NUMBER_OBJECT_CONVERSION = YES_AGGRESSIVE;
				CLANG_CXX_LANGUAGE_STANDARD = "gnu++20";
				CLANG_ENABLE_MODULES = YES;
				CLANG_ENABLE_OBJC_ARC = YES;
				CLANG_ENABLE_OBJC_WEAK = YES;
				CLANG_WARN_BLOCK_CAPTURE_AUTORELEASING = YES;
				CLANG_WARN_BOOL_CONVERSION = YES;
				CLANG_WARN_COMMA = YES;
				CLANG_WARN_CONSTANT_CONVERSION = YES;
				CLANG_WARN_DEPRECATED_OBJC_IMPLEMENTATIONS = YES;
				CLANG_WARN_DIRECT_OBJC_ISA_USAGE = YES_ERROR;
				CLANG_WARN_DOCUMENTATION_COMMENTS = YES;
				CLANG_WARN_EMPTY_BODY = YES;
				CLANG_WARN_ENUM_CONVERSION = YES;
				CLANG_WARN_INFINITE_RECURSION = YES;
				CLANG_WARN_INT_CONVERSION = YES;
				CLANG_WARN_NON_LITERAL_NULL_CONVERSION = YES;
				CLANG_WARN_OBJC_IMPLICIT_RETAIN_SELF = YES;
				CLANG_WARN_OBJC_LITERAL_CONVERSION = YES;
				CLANG_WARN_OBJC_ROOT_CLASS = YES_ERROR;
				CLANG_WARN_QUOTED_INCLUDE_IN_FRAMEWORK_HEADER = YES;
				CLANG_WARN_RANGE_LOOP_ANALYSIS = YES;
				CLANG_WARN_STRICT_PROTOTYPES = YES;
				CLANG_WARN_SUSPICIOUS_MOVE = YES;
				CLANG_WARN_UNGUARDED_AVAILABILITY = YES_AGGRESSIVE;
				CLANG_WARN_UNREACHABLE_CODE = YES;
				CLANG_WARN__DUPLICATE_METHOD_MATCH = YES;
				COPY_PHASE_STRIP = NO;
				DEBUG_INFORMATION_FORMAT = dwarf;
				ENABLE_STRICT_OBJC_MSGSEND = YES;
				ENABLE_TESTABILITY = YES;
				GCC_C_LANGUAGE_STANDARD = gnu11;
				GCC_DYNAMIC_NO_PIC = NO;
				GCC_NO_COMMON_BLOCKS = YES;
				GCC_OPTIMIZATION_LEVEL = 0;
				GCC_PREPROCESSOR_DEFINITIONS = (
					"DEBUG=1",
					"$(inherited)",
				);
				GCC_WARN_64_TO_32_BIT_CONVERSION = YES;
				GCC_WARN_ABOUT_RETURN_TYPE = YES_ERROR;
				GCC_WARN_UNDECLARED_SELECTOR = YES;
				GCC_WARN_UNINITIALIZED_AUTOS = YES_AGGRESSIVE;
				GCC_WARN_UNUSED_FUNCTION = YES;
				GCC_WARN_UNUSED_VARIABLE = YES;
				IPHONEOS_DEPLOYMENT_TARGET = 13.0;
				MTL_ENABLE_DEBUG_INFO = INCLUDE_SOURCE;
				MTL_FAST_MATH = YES;
				ONLY_ACTIVE_ARCH = YES;
				SDKROOT = iphoneos;
				SWIFT_ACTIVE_COMPILATION_CONDITIONS = DEBUG;
				SWIFT_OPTIMIZATION_LEVEL = "-Onone";
			};
			name = Debug;
		};
		DAE1EA7D291D2ADD009FFB92 /* Release */ = {
			isa = XCBuildConfiguration;
			buildSettings = {
				ALWAYS_SEARCH_USER_PATHS = NO;
				CLANG_ANALYZER_NONNULL = YES;
				CLANG_ANALYZER_NUMBER_OBJECT_CONVERSION = YES_AGGRESSIVE;
				CLANG_CXX_LANGUAGE_STANDARD = "gnu++20";
				CLANG_ENABLE_MODULES = YES;
				CLANG_ENABLE_OBJC_ARC = YES;
				CLANG_ENABLE_OBJC_WEAK = YES;
				CLANG_WARN_BLOCK_CAPTURE_AUTORELEASING = YES;
				CLANG_WARN_BOOL_CONVERSION = YES;
				CLANG_WARN_COMMA = YES;
				CLANG_WARN_CONSTANT_CONVERSION = YES;
				CLANG_WARN_DEPRECATED_OBJC_IMPLEMENTATIONS = YES;
				CLANG_WARN_DIRECT_OBJC_ISA_USAGE = YES_ERROR;
				CLANG_WARN_DOCUMENTATION_COMMENTS = YES;
				CLANG_WARN_EMPTY_BODY = YES;
				CLANG_WARN_ENUM_CONVERSION = YES;
				CLANG_WARN_INFINITE_RECURSION = YES;
				CLANG_WARN_INT_CONVERSION = YES;
				CLANG_WARN_NON_LITERAL_NULL_CONVERSION = YES;
				CLANG_WARN_OBJC_IMPLICIT_RETAIN_SELF = YES;
				CLANG_WARN_OBJC_LITERAL_CONVERSION = YES;
				CLANG_WARN_OBJC_ROOT_CLASS = YES_ERROR;
				CLANG_WARN_QUOTED_INCLUDE_IN_FRAMEWORK_HEADER = YES;
				CLANG_WARN_RANGE_LOOP_ANALYSIS = YES;
				CLANG_WARN_STRICT_PROTOTYPES = YES;
				CLANG_WARN_SUSPICIOUS_MOVE = YES;
				CLANG_WARN_UNGUARDED_AVAILABILITY = YES_AGGRESSIVE;
				CLANG_WARN_UNREACHABLE_CODE = YES;
				CLANG_WARN__DUPLICATE_METHOD_MATCH = YES;
				COPY_PHASE_STRIP = NO;
				DEBUG_INFORMATION_FORMAT = "dwarf-with-dsym";
				ENABLE_NS_ASSERTIONS = NO;
				ENABLE_STRICT_OBJC_MSGSEND = YES;
				GCC_C_LANGUAGE_STANDARD = gnu11;
				GCC_NO_COMMON_BLOCKS = YES;
				GCC_WARN_64_TO_32_BIT_CONVERSION = YES;
				GCC_WARN_ABOUT_RETURN_TYPE = YES_ERROR;
				GCC_WARN_UNDECLARED_SELECTOR = YES;
				GCC_WARN_UNINITIALIZED_AUTOS = YES_AGGRESSIVE;
				GCC_WARN_UNUSED_FUNCTION = YES;
				GCC_WARN_UNUSED_VARIABLE = YES;
				IPHONEOS_DEPLOYMENT_TARGET = 13.0;
				MTL_ENABLE_DEBUG_INFO = NO;
				MTL_FAST_MATH = YES;
				SDKROOT = iphoneos;
				SWIFT_COMPILATION_MODE = wholemodule;
				SWIFT_OPTIMIZATION_LEVEL = "-O";
				VALIDATE_PRODUCT = YES;
			};
			name = Release;
		};
		DAE1EA7F291D2ADD009FFB92 /* Debug */ = {
			isa = XCBuildConfiguration;
			baseConfigurationReference = D50C2DA9FAB9FF3750B8A22A /* Pods-FindAMovie.debug.xcconfig */;
			buildSettings = {
				ASSETCATALOG_COMPILER_APPICON_NAME = AppIcon;
				ASSETCATALOG_COMPILER_GLOBAL_ACCENT_COLOR_NAME = AccentColor;
				CODE_SIGN_STYLE = Automatic;
				CURRENT_PROJECT_VERSION = 1;
				DEVELOPMENT_TEAM = 6NHQZB346D;
				GENERATE_INFOPLIST_FILE = YES;
				INFOPLIST_FILE = "FindAMovie/Supporting Files/Info.plist";
				INFOPLIST_KEY_UIApplicationSupportsIndirectInputEvents = YES;
				INFOPLIST_KEY_UILaunchStoryboardName = LaunchScreen;
				INFOPLIST_KEY_UIMainStoryboardFile = Main;
				INFOPLIST_KEY_UISupportedInterfaceOrientations = UIInterfaceOrientationPortrait;
				INFOPLIST_KEY_UISupportedInterfaceOrientations_iPad = "UIInterfaceOrientationLandscapeLeft UIInterfaceOrientationLandscapeRight UIInterfaceOrientationPortrait UIInterfaceOrientationPortraitUpsideDown";
				IPHONEOS_DEPLOYMENT_TARGET = 13.0;
				LD_RUNPATH_SEARCH_PATHS = (
					"$(inherited)",
					"@executable_path/Frameworks",
				);
				MARKETING_VERSION = 1.0;
				PRODUCT_BUNDLE_IDENTIFIER = com.berkanvay.FindAMovie;
				PRODUCT_NAME = "$(TARGET_NAME)";
				SWIFT_EMIT_LOC_STRINGS = YES;
				SWIFT_VERSION = 5.0;
				TARGETED_DEVICE_FAMILY = "1,2";
			};
			name = Debug;
		};
		DAE1EA80291D2ADD009FFB92 /* Release */ = {
			isa = XCBuildConfiguration;
			baseConfigurationReference = DA7F01A66AB98E1646407D0B /* Pods-FindAMovie.release.xcconfig */;
			buildSettings = {
				ASSETCATALOG_COMPILER_APPICON_NAME = AppIcon;
				ASSETCATALOG_COMPILER_GLOBAL_ACCENT_COLOR_NAME = AccentColor;
				CODE_SIGN_STYLE = Automatic;
				CURRENT_PROJECT_VERSION = 1;
				DEVELOPMENT_TEAM = 6NHQZB346D;
				GENERATE_INFOPLIST_FILE = YES;
				INFOPLIST_FILE = "FindAMovie/Supporting Files/Info.plist";
				INFOPLIST_KEY_UIApplicationSupportsIndirectInputEvents = YES;
				INFOPLIST_KEY_UILaunchStoryboardName = LaunchScreen;
				INFOPLIST_KEY_UIMainStoryboardFile = Main;
				INFOPLIST_KEY_UISupportedInterfaceOrientations = UIInterfaceOrientationPortrait;
				INFOPLIST_KEY_UISupportedInterfaceOrientations_iPad = "UIInterfaceOrientationLandscapeLeft UIInterfaceOrientationLandscapeRight UIInterfaceOrientationPortrait UIInterfaceOrientationPortraitUpsideDown";
				IPHONEOS_DEPLOYMENT_TARGET = 13.0;
				LD_RUNPATH_SEARCH_PATHS = (
					"$(inherited)",
					"@executable_path/Frameworks",
				);
				MARKETING_VERSION = 1.0;
				PRODUCT_BUNDLE_IDENTIFIER = com.berkanvay.FindAMovie;
				PRODUCT_NAME = "$(TARGET_NAME)";
				SWIFT_EMIT_LOC_STRINGS = YES;
				SWIFT_VERSION = 5.0;
				TARGETED_DEVICE_FAMILY = "1,2";
			};
			name = Release;
		};
		DAE1EA82291D2ADD009FFB92 /* Debug */ = {
			isa = XCBuildConfiguration;
			baseConfigurationReference = 42C74CB05C5E19C3975134C6 /* Pods-FindAMovieTests.debug.xcconfig */;
			buildSettings = {
				ALWAYS_EMBED_SWIFT_STANDARD_LIBRARIES = YES;
				BUNDLE_LOADER = "$(TEST_HOST)";
				CODE_SIGN_STYLE = Automatic;
				CURRENT_PROJECT_VERSION = 1;
				DEVELOPMENT_TEAM = 6NHQZB346D;
				GENERATE_INFOPLIST_FILE = YES;
				IPHONEOS_DEPLOYMENT_TARGET = 16.0;
				MARKETING_VERSION = 1.0;
				PRODUCT_BUNDLE_IDENTIFIER = com.berkanvay.FindAMovieTests;
				PRODUCT_NAME = "$(TARGET_NAME)";
				SWIFT_EMIT_LOC_STRINGS = NO;
				SWIFT_VERSION = 5.0;
				TARGETED_DEVICE_FAMILY = "1,2";
				TEST_HOST = "$(BUILT_PRODUCTS_DIR)/FindAMovie.app/$(BUNDLE_EXECUTABLE_FOLDER_PATH)/FindAMovie";
			};
			name = Debug;
		};
		DAE1EA83291D2ADD009FFB92 /* Release */ = {
			isa = XCBuildConfiguration;
			baseConfigurationReference = 2611FA0E32044D44DC7E12A5 /* Pods-FindAMovieTests.release.xcconfig */;
			buildSettings = {
				ALWAYS_EMBED_SWIFT_STANDARD_LIBRARIES = YES;
				BUNDLE_LOADER = "$(TEST_HOST)";
				CODE_SIGN_STYLE = Automatic;
				CURRENT_PROJECT_VERSION = 1;
				DEVELOPMENT_TEAM = 6NHQZB346D;
				GENERATE_INFOPLIST_FILE = YES;
				IPHONEOS_DEPLOYMENT_TARGET = 16.0;
				MARKETING_VERSION = 1.0;
				PRODUCT_BUNDLE_IDENTIFIER = com.berkanvay.FindAMovieTests;
				PRODUCT_NAME = "$(TARGET_NAME)";
				SWIFT_EMIT_LOC_STRINGS = NO;
				SWIFT_VERSION = 5.0;
				TARGETED_DEVICE_FAMILY = "1,2";
				TEST_HOST = "$(BUILT_PRODUCTS_DIR)/FindAMovie.app/$(BUNDLE_EXECUTABLE_FOLDER_PATH)/FindAMovie";
			};
			name = Release;
		};
/* End XCBuildConfiguration section */

/* Begin XCConfigurationList section */
		DAE1EA4F291D2ADD009FFB92 /* Build configuration list for PBXProject "FindAMovie" */ = {
			isa = XCConfigurationList;
			buildConfigurations = (
				DAE1EA7C291D2ADD009FFB92 /* Debug */,
				DAE1EA7D291D2ADD009FFB92 /* Release */,
			);
			defaultConfigurationIsVisible = 0;
			defaultConfigurationName = Release;
		};
		DAE1EA7E291D2ADD009FFB92 /* Build configuration list for PBXNativeTarget "FindAMovie" */ = {
			isa = XCConfigurationList;
			buildConfigurations = (
				DAE1EA7F291D2ADD009FFB92 /* Debug */,
				DAE1EA80291D2ADD009FFB92 /* Release */,
			);
			defaultConfigurationIsVisible = 0;
			defaultConfigurationName = Release;
		};
		DAE1EA81291D2ADD009FFB92 /* Build configuration list for PBXNativeTarget "FindAMovieTests" */ = {
			isa = XCConfigurationList;
			buildConfigurations = (
				DAE1EA82291D2ADD009FFB92 /* Debug */,
				DAE1EA83291D2ADD009FFB92 /* Release */,
			);
			defaultConfigurationIsVisible = 0;
			defaultConfigurationName = Release;
		};
/* End XCConfigurationList section */
	};
	rootObject = DAE1EA4C291D2ADD009FFB92 /* Project object */;
}
